
Microsoft Visual Studio Solution File, Format Version 12.00
# Visual Studio 15
VisualStudioVersion = 15.0.27130.2010
MinimumVisualStudioVersion = 10.0.40219.1
Project("{FAE04EC0-301F-11D3-BF4B-00C04F79EFBC}") = "RockPaperScissors", "RockPaperScissors\RockPaperScissors.csproj", "{E7CF5D64-2414-4A6E-9DED-A0AAF2F89FB6}"
EndProject
Project("{FAE04EC0-301F-11D3-BF4B-00C04F79EFBC}") = "Tests", "Tests\Tests.csproj", "{6AC71814-A159-46C9-AEF4-D364AA3DFE91}"
EndProject
Project("{FAE04EC0-301F-11D3-BF4B-00C04F79EFBC}") = "Games", "Games\Games.csproj", "{2D4DDD7D-2342-4762-AE49-A1B09C76B81C}"
EndProject
Project("{FAE04EC0-301F-11D3-BF4B-00C04F79EFBC}") = "Players", "Players\Players.csproj", "{DA316700-B0DF-4A70-867D-A85A7731D48B}"
EndProject
Global
	GlobalSection(SolutionConfigurationPlatforms) = preSolution
		Debug|Any CPU = Debug|Any CPU
		Release|Any CPU = Release|Any CPU
	EndGlobalSection
	GlobalSection(ProjectConfigurationPlatforms) = postSolution
		{E7CF5D64-2414-4A6E-9DED-A0AAF2F89FB6}.Debug|Any CPU.ActiveCfg = Debug|Any CPU
		{E7CF5D64-2414-4A6E-9DED-A0AAF2F89FB6}.Debug|Any CPU.Build.0 = Debug|Any CPU
		{E7CF5D64-2414-4A6E-9DED-A0AAF2F89FB6}.Release|Any CPU.ActiveCfg = Release|Any CPU
		{E7CF5D64-2414-4A6E-9DED-A0AAF2F89FB6}.Release|Any CPU.Build.0 = Release|Any CPU
		{6AC71814-A159-46C9-AEF4-D364AA3DFE91}.Debug|Any CPU.ActiveCfg = Debug|Any CPU
		{6AC71814-A159-46C9-AEF4-D364AA3DFE91}.Debug|Any CPU.Build.0 = Debug|Any CPU
		{6AC71814-A159-46C9-AEF4-D364AA3DFE91}.Release|Any CPU.ActiveCfg = Release|Any CPU
		{6AC71814-A159-46C9-AEF4-D364AA3DFE91}.Release|Any CPU.Build.0 = Release|Any CPU
		{2D4DDD7D-2342-4762-AE49-A1B09C76B81C}.Debug|Any CPU.ActiveCfg = Debug|Any CPU
		{2D4DDD7D-2342-4762-AE49-A1B09C76B81C}.Debug|Any CPU.Build.0 = Debug|Any CPU
		{2D4DDD7D-2342-4762-AE49-A1B09C76B81C}.Release|Any CPU.ActiveCfg = Release|Any CPU
		{2D4DDD7D-2342-4762-AE49-A1B09C76B81C}.Release|Any CPU.Build.0 = Release|Any CPU
		{DA316700-B0DF-4A70-867D-A85A7731D48B}.Debug|Any CPU.ActiveCfg = Debug|Any CPU
		{DA316700-B0DF-4A70-867D-A85A7731D48B}.Debug|Any CPU.Build.0 = Debug|Any CPU
		{DA316700-B0DF-4A70-867D-A85A7731D48B}.Release|Any CPU.ActiveCfg = Release|Any CPU
		{DA316700-B0DF-4A70-867D-A85A7731D48B}.Release|Any CPU.Build.0 = Release|Any CPU
	EndGlobalSection
	GlobalSection(SolutionProperties) = preSolution
		HideSolutionNode = FALSE
	EndGlobalSection
	GlobalSection(ExtensibilityGlobals) = postSolution
		SolutionGuid = {B8952FDA-F89D-4F4A-BAA7-0E102EDC3DF6}
	EndGlobalSection
EndGlobal
